// !$*UTF8*$!
{
	archiveVersion = 1;
	classes = {
	};
	objectVersion = 56;
	objects = {

/* Begin PBXBuildFile section */
		DC174D1029D4AF4200625BE7 /* MovieDetailView.swift in Sources */ = {isa = PBXBuildFile; fileRef = DC174D0F29D4AF4200625BE7 /* MovieDetailView.swift */; };
		DCF490B129D3751500203232 /* MovieDBApp.swift in Sources */ = {isa = PBXBuildFile; fileRef = DCF490B029D3751500203232 /* MovieDBApp.swift */; };
		DCF490B329D3751500203232 /* ContentView.swift in Sources */ = {isa = PBXBuildFile; fileRef = DCF490B229D3751500203232 /* ContentView.swift */; };
		DCF490B529D3751600203232 /* Assets.xcassets in Resources */ = {isa = PBXBuildFile; fileRef = DCF490B429D3751600203232 /* Assets.xcassets */; };
		DCF490B829D3751600203232 /* Preview Assets.xcassets in Resources */ = {isa = PBXBuildFile; fileRef = DCF490B729D3751600203232 /* Preview Assets.xcassets */; };
		DCF490D129D4776000203232 /* movieDBData.json in Resources */ = {isa = PBXBuildFile; fileRef = DCF490D029D4776000203232 /* movieDBData.json */; };
		DCF490D329D47BE000203232 /* HomeView.swift in Sources */ = {isa = PBXBuildFile; fileRef = DCF490D229D47BE000203232 /* HomeView.swift */; };
		DCF490D529D47CF100203232 /* MovieRowView.swift in Sources */ = {isa = PBXBuildFile; fileRef = DCF490D429D47CF100203232 /* MovieRowView.swift */; };
		DCF490D729D47D0800203232 /* ModelData.swift in Sources */ = {isa = PBXBuildFile; fileRef = DCF490D629D47D0800203232 /* ModelData.swift */; };
		DCF490D929D47D1600203232 /* Movie.swift in Sources */ = {isa = PBXBuildFile; fileRef = DCF490D829D47D1600203232 /* Movie.swift */; };
		DCF490DB29D47F6B00203232 /* PopularMoviesList.swift in Sources */ = {isa = PBXBuildFile; fileRef = DCF490DA29D47F6B00203232 /* PopularMoviesList.swift */; };
		DCF490DE29D49FDA00203232 /* MoviePanelView.swift in Sources */ = {isa = PBXBuildFile; fileRef = DCF490DD29D49FDA00203232 /* MoviePanelView.swift */; };
		DCF490E029D4A1CB00203232 /* NowPlayingList.swift in Sources */ = {isa = PBXBuildFile; fileRef = DCF490DF29D4A1CB00203232 /* NowPlayingList.swift */; };
/* End PBXBuildFile section */

/* Begin PBXFileReference section */
		DC174D0F29D4AF4200625BE7 /* MovieDetailView.swift */ = {isa = PBXFileReference; lastKnownFileType = sourcecode.swift; path = MovieDetailView.swift; sourceTree = "<group>"; };
		DCF490AD29D3751500203232 /* MovieDB.app */ = {isa = PBXFileReference; explicitFileType = wrapper.application; includeInIndex = 0; path = MovieDB.app; sourceTree = BUILT_PRODUCTS_DIR; };
		DCF490B029D3751500203232 /* MovieDBApp.swift */ = {isa = PBXFileReference; lastKnownFileType = sourcecode.swift; path = MovieDBApp.swift; sourceTree = "<group>"; };
		DCF490B229D3751500203232 /* ContentView.swift */ = {isa = PBXFileReference; lastKnownFileType = sourcecode.swift; path = ContentView.swift; sourceTree = "<group>"; };
		DCF490B429D3751600203232 /* Assets.xcassets */ = {isa = PBXFileReference; lastKnownFileType = folder.assetcatalog; path = Assets.xcassets; sourceTree = "<group>"; };
		DCF490B729D3751600203232 /* Preview Assets.xcassets */ = {isa = PBXFileReference; lastKnownFileType = folder.assetcatalog; path = "Preview Assets.xcassets"; sourceTree = "<group>"; };
		DCF490D029D4776000203232 /* movieDBData.json */ = {isa = PBXFileReference; fileEncoding = 4; lastKnownFileType = text.json; path = movieDBData.json; sourceTree = "<group>"; };
		DCF490D229D47BE000203232 /* HomeView.swift */ = {isa = PBXFileReference; lastKnownFileType = sourcecode.swift; path = HomeView.swift; sourceTree = "<group>"; };
		DCF490D429D47CF100203232 /* MovieRowView.swift */ = {isa = PBXFileReference; lastKnownFileType = sourcecode.swift; path = MovieRowView.swift; sourceTree = "<group>"; };
		DCF490D629D47D0800203232 /* ModelData.swift */ = {isa = PBXFileReference; lastKnownFileType = sourcecode.swift; path = ModelData.swift; sourceTree = "<group>"; };
		DCF490D829D47D1600203232 /* Movie.swift */ = {isa = PBXFileReference; lastKnownFileType = sourcecode.swift; path = Movie.swift; sourceTree = "<group>"; };
		DCF490DA29D47F6B00203232 /* PopularMoviesList.swift */ = {isa = PBXFileReference; lastKnownFileType = sourcecode.swift; path = PopularMoviesList.swift; sourceTree = "<group>"; };
		DCF490DD29D49FDA00203232 /* MoviePanelView.swift */ = {isa = PBXFileReference; lastKnownFileType = sourcecode.swift; path = MoviePanelView.swift; sourceTree = "<group>"; };
		DCF490DF29D4A1CB00203232 /* NowPlayingList.swift */ = {isa = PBXFileReference; lastKnownFileType = sourcecode.swift; path = NowPlayingList.swift; sourceTree = "<group>"; };
/* End PBXFileReference section */

/* Begin PBXFrameworksBuildPhase section */
		DCF490AA29D3751500203232 /* Frameworks */ = {
			isa = PBXFrameworksBuildPhase;
			buildActionMask = 2147483647;
			files = (
			);
			runOnlyForDeploymentPostprocessing = 0;
		};
/* End PBXFrameworksBuildPhase section */

/* Begin PBXGroup section */
		DCF490A429D3751500203232 = {
			isa = PBXGroup;
			children = (
				DCF490AF29D3751500203232 /* MovieDB */,
				DCF490AE29D3751500203232 /* Products */,
			);
			sourceTree = "<group>";
		};
		DCF490AE29D3751500203232 /* Products */ = {
			isa = PBXGroup;
			children = (
				DCF490AD29D3751500203232 /* MovieDB.app */,
			);
			name = Products;
			sourceTree = "<group>";
		};
		DCF490AF29D3751500203232 /* MovieDB */ = {
			isa = PBXGroup;
			children = (
				DCF490B029D3751500203232 /* MovieDBApp.swift */,
				DCF490C629D3E8E900203232 /* Views */,
				DCF490CE29D4768800203232 /* Model */,
				DCF490CF29D4769F00203232 /* Resources */,
				DCF490B429D3751600203232 /* Assets.xcassets */,
				DCF490B629D3751600203232 /* Preview Content */,
			);
			path = MovieDB;
			sourceTree = "<group>";
		};
		DCF490B629D3751600203232 /* Preview Content */ = {
			isa = PBXGroup;
			children = (
				DCF490B729D3751600203232 /* Preview Assets.xcassets */,
			);
			path = "Preview Content";
			sourceTree = "<group>";
		};
		DCF490C629D3E8E900203232 /* Views */ = {
			isa = PBXGroup;
			children = (
				DCF490B229D3751500203232 /* ContentView.swift */,
				DCF490D229D47BE000203232 /* HomeView.swift */,
				DCF490DA29D47F6B00203232 /* PopularMoviesList.swift */,
				DCF490DF29D4A1CB00203232 /* NowPlayingList.swift */,
				DCF490D429D47CF100203232 /* MovieRowView.swift */,
				DCF490DD29D49FDA00203232 /* MoviePanelView.swift */,
				DC174D0F29D4AF4200625BE7 /* MovieDetailView.swift */,
			);
			path = Views;
			sourceTree = "<group>";
		};
		DCF490CE29D4768800203232 /* Model */ = {
			isa = PBXGroup;
			children = (
				DCF490D629D47D0800203232 /* ModelData.swift */,
				DCF490D829D47D1600203232 /* Movie.swift */,
			);
			path = Model;
			sourceTree = "<group>";
		};
		DCF490CF29D4769F00203232 /* Resources */ = {
			isa = PBXGroup;
			children = (
				DCF490D029D4776000203232 /* movieDBData.json */,
			);
			path = Resources;
			sourceTree = "<group>";
		};
/* End PBXGroup section */

/* Begin PBXNativeTarget section */
		DCF490AC29D3751500203232 /* MovieDB */ = {
			isa = PBXNativeTarget;
			buildConfigurationList = DCF490BB29D3751600203232 /* Build configuration list for PBXNativeTarget "MovieDB" */;
			buildPhases = (
				DCF490A929D3751500203232 /* Sources */,
				DCF490AA29D3751500203232 /* Frameworks */,
				DCF490AB29D3751500203232 /* Resources */,
			);
			buildRules = (
			);
			dependencies = (
			);
			name = MovieDB;
			productName = MovieDB;
			productReference = DCF490AD29D3751500203232 /* MovieDB.app */;
			productType = "com.apple.product-type.application";
		};
/* End PBXNativeTarget section */

/* Begin PBXProject section */
		DCF490A529D3751500203232 /* Project object */ = {
			isa = PBXProject;
			attributes = {
				BuildIndependentTargetsInParallel = 1;
				LastSwiftUpdateCheck = 1420;
				LastUpgradeCheck = 1420;
				TargetAttributes = {
					DCF490AC29D3751500203232 = {
						CreatedOnToolsVersion = 14.2;
					};
				};
			};
			buildConfigurationList = DCF490A829D3751500203232 /* Build configuration list for PBXProject "MovieDB" */;
			compatibilityVersion = "Xcode 14.0";
			developmentRegion = en;
			hasScannedForEncodings = 0;
			knownRegions = (
				en,
				Base,
			);
			mainGroup = DCF490A429D3751500203232;
			productRefGroup = DCF490AE29D3751500203232 /* Products */;
			projectDirPath = "";
			projectRoot = "";
			targets = (
				DCF490AC29D3751500203232 /* MovieDB */,
			);
		};
/* End PBXProject section */

/* Begin PBXResourcesBuildPhase section */
		DCF490AB29D3751500203232 /* Resources */ = {
			isa = PBXResourcesBuildPhase;
			buildActionMask = 2147483647;
			files = (
				DCF490B829D3751600203232 /* Preview Assets.xcassets in Resources */,
				DCF490B529D3751600203232 /* Assets.xcassets in Resources */,
				DCF490D129D4776000203232 /* movieDBData.json in Resources */,
			);
			runOnlyForDeploymentPostprocessing = 0;
		};
/* End PBXResourcesBuildPhase section */

/* Begin PBXSourcesBuildPhase section */
		DCF490A929D3751500203232 /* Sources */ = {
			isa = PBXSourcesBuildPhase;
			buildActionMask = 2147483647;
			files = (
				DC174D1029D4AF4200625BE7 /* MovieDetailView.swift in Sources */,
				DCF490DB29D47F6B00203232 /* PopularMoviesList.swift in Sources */,
				DCF490E029D4A1CB00203232 /* NowPlayingList.swift in Sources */,
				DCF490B329D3751500203232 /* ContentView.swift in Sources */,
				DCF490DE29D49FDA00203232 /* MoviePanelView.swift in Sources */,
				DCF490D929D47D1600203232 /* Movie.swift in Sources */,
				DCF490B129D3751500203232 /* MovieDBApp.swift in Sources */,
				DCF490D529D47CF100203232 /* MovieRowView.swift in Sources */,
				DCF490D329D47BE000203232 /* HomeView.swift in Sources */,
				DCF490D729D47D0800203232 /* ModelData.swift in Sources */,
			);
			runOnlyForDeploymentPostprocessing = 0;
		};
/* End PBXSourcesBuildPhase section */

/* Begin XCBuildConfiguration section */
		DCF490B929D3751600203232 /* Debug */ = {
			isa = XCBuildConfiguration;
			buildSettings = {
				ALWAYS_SEARCH_USER_PATHS = NO;
				CLANG_ANALYZER_NONNULL = YES;
				CLANG_ANALYZER_NUMBER_OBJECT_CONVERSION = YES_AGGRESSIVE;
				CLANG_CXX_LANGUAGE_STANDARD = "gnu++20";
				CLANG_ENABLE_MODULES = YES;
				CLANG_ENABLE_OBJC_ARC = YES;
				CLANG_ENABLE_OBJC_WEAK = YES;
				CLANG_WARN_BLOCK_CAPTURE_AUTORELEASING = YES;
				CLANG_WARN_BOOL_CONVERSION = YES;
				CLANG_WARN_COMMA = YES;
				CLANG_WARN_CONSTANT_CONVERSION = YES;
				CLANG_WARN_DEPRECATED_OBJC_IMPLEMENTATIONS = YES;
				CLANG_WARN_DIRECT_OBJC_ISA_USAGE = YES_ERROR;
				CLANG_WARN_DOCUMENTATION_COMMENTS = YES;
				CLANG_WARN_EMPTY_BODY = YES;
				CLANG_WARN_ENUM_CONVERSION = YES;
				CLANG_WARN_INFINITE_RECURSION = YES;
				CLANG_WARN_INT_CONVERSION = YES;
				CLANG_WARN_NON_LITERAL_NULL_CONVERSION = YES;
				CLANG_WARN_OBJC_IMPLICIT_RETAIN_SELF = YES;
				CLANG_WARN_OBJC_LITERAL_CONVERSION = YES;
				CLANG_WARN_OBJC_ROOT_CLASS = YES_ERROR;
				CLANG_WARN_QUOTED_INCLUDE_IN_FRAMEWORK_HEADER = YES;
				CLANG_WARN_RANGE_LOOP_ANALYSIS = YES;
				CLANG_WARN_STRICT_PROTOTYPES = YES;
				CLANG_WARN_SUSPICIOUS_MOVE = YES;
				CLANG_WARN_UNGUARDED_AVAILABILITY = YES_AGGRESSIVE;
				CLANG_WARN_UNREACHABLE_CODE = YES;
				CLANG_WARN__DUPLICATE_METHOD_MATCH = YES;
				COPY_PHASE_STRIP = NO;
				DEBUG_INFORMATION_FORMAT = dwarf;
				ENABLE_STRICT_OBJC_MSGSEND = YES;
				ENABLE_TESTABILITY = YES;
				GCC_C_LANGUAGE_STANDARD = gnu11;
				GCC_DYNAMIC_NO_PIC = NO;
				GCC_NO_COMMON_BLOCKS = YES;
				GCC_OPTIMIZATION_LEVEL = 0;
				GCC_PREPROCESSOR_DEFINITIONS = (
					"DEBUG=1",
					"$(inherited)",
				);
				GCC_WARN_64_TO_32_BIT_CONVERSION = YES;
				GCC_WARN_ABOUT_RETURN_TYPE = YES_ERROR;
				GCC_WARN_UNDECLARED_SELECTOR = YES;
				GCC_WARN_UNINITIALIZED_AUTOS = YES_AGGRESSIVE;
				GCC_WARN_UNUSED_FUNCTION = YES;
				GCC_WARN_UNUSED_VARIABLE = YES;
				IPHONEOS_DEPLOYMENT_TARGET = 16.2;
				MTL_ENABLE_DEBUG_INFO = INCLUDE_SOURCE;
				MTL_FAST_MATH = YES;
				ONLY_ACTIVE_ARCH = YES;
				SDKROOT = iphoneos;
				SWIFT_ACTIVE_COMPILATION_CONDITIONS = DEBUG;
				SWIFT_OPTIMIZATION_LEVEL = "-Onone";
			};
			name = Debug;
		};
		DCF490BA29D3751600203232 /* Release */ = {
			isa = XCBuildConfiguration;
			buildSettings = {
				ALWAYS_SEARCH_USER_PATHS = NO;
				CLANG_ANALYZER_NONNULL = YES;
				CLANG_ANALYZER_NUMBER_OBJECT_CONVERSION = YES_AGGRESSIVE;
				CLANG_CXX_LANGUAGE_STANDARD = "gnu++20";
				CLANG_ENABLE_MODULES = YES;
				CLANG_ENABLE_OBJC_ARC = YES;
				CLANG_ENABLE_OBJC_WEAK = YES;
				CLANG_WARN_BLOCK_CAPTURE_AUTORELEASING = YES;
				CLANG_WARN_BOOL_CONVERSION = YES;
				CLANG_WARN_COMMA = YES;
				CLANG_WARN_CONSTANT_CONVERSION = YES;
				CLANG_WARN_DEPRECATED_OBJC_IMPLEMENTATIONS = YES;
				CLANG_WARN_DIRECT_OBJC_ISA_USAGE = YES_ERROR;
				CLANG_WARN_DOCUMENTATION_COMMENTS = YES;
				CLANG_WARN_EMPTY_BODY = YES;
				CLANG_WARN_ENUM_CONVERSION = YES;
				CLANG_WARN_INFINITE_RECURSION = YES;
				CLANG_WARN_INT_CONVERSION = YES;
				CLANG_WARN_NON_LITERAL_NULL_CONVERSION = YES;
				CLANG_WARN_OBJC_IMPLICIT_RETAIN_SELF = YES;
				CLANG_WARN_OBJC_LITERAL_CONVERSION = YES;
				CLANG_WARN_OBJC_ROOT_CLASS = YES_ERROR;
				CLANG_WARN_QUOTED_INCLUDE_IN_FRAMEWORK_HEADER = YES;
				CLANG_WARN_RANGE_LOOP_ANALYSIS = YES;
				CLANG_WARN_STRICT_PROTOTYPES = YES;
				CLANG_WARN_SUSPICIOUS_MOVE = YES;
				CLANG_WARN_UNGUARDED_AVAILABILITY = YES_AGGRESSIVE;
				CLANG_WARN_UNREACHABLE_CODE = YES;
				CLANG_WARN__DUPLICATE_METHOD_MATCH = YES;
				COPY_PHASE_STRIP = NO;
				DEBUG_INFORMATION_FORMAT = "dwarf-with-dsym";
				ENABLE_NS_ASSERTIONS = NO;
				ENABLE_STRICT_OBJC_MSGSEND = YES;
				GCC_C_LANGUAGE_STANDARD = gnu11;
				GCC_NO_COMMON_BLOCKS = YES;
				GCC_WARN_64_TO_32_BIT_CONVERSION = YES;
				GCC_WARN_ABOUT_RETURN_TYPE = YES_ERROR;
				GCC_WARN_UNDECLARED_SELECTOR = YES;
				GCC_WARN_UNINITIALIZED_AUTOS = YES_AGGRESSIVE;
				GCC_WARN_UNUSED_FUNCTION = YES;
				GCC_WARN_UNUSED_VARIABLE = YES;
				IPHONEOS_DEPLOYMENT_TARGET = 16.2;
				MTL_ENABLE_DEBUG_INFO = NO;
				MTL_FAST_MATH = YES;
				SDKROOT = iphoneos;
				SWIFT_COMPILATION_MODE = wholemodule;
				SWIFT_OPTIMIZATION_LEVEL = "-O";
				VALIDATE_PRODUCT = YES;
			};
			name = Release;
		};
		DCF490BC29D3751600203232 /* Debug */ = {
			isa = XCBuildConfiguration;
			buildSettings = {
				ASSETCATALOG_COMPILER_APPICON_NAME = AppIcon;
				ASSETCATALOG_COMPILER_GLOBAL_ACCENT_COLOR_NAME = AccentColor;
				CODE_SIGN_STYLE = Automatic;
				CURRENT_PROJECT_VERSION = 1;
				DEVELOPMENT_ASSET_PATHS = "\"MovieDB/Preview Content\"";
				DEVELOPMENT_TEAM = ZD8SZ56ZFY;
				ENABLE_PREVIEWS = YES;
				GENERATE_INFOPLIST_FILE = YES;
				INFOPLIST_KEY_UIApplicationSceneManifest_Generation = YES;
				INFOPLIST_KEY_UIApplicationSupportsIndirectInputEvents = YES;
				INFOPLIST_KEY_UILaunchScreen_Generation = YES;
				INFOPLIST_KEY_UISupportedInterfaceOrientations_iPad = "UIInterfaceOrientationPortrait UIInterfaceOrientationPortraitUpsideDown UIInterfaceOrientationLandscapeLeft UIInterfaceOrientationLandscapeRight";
				INFOPLIST_KEY_UISupportedInterfaceOrientations_iPhone = "UIInterfaceOrientationPortrait UIInterfaceOrientationLandscapeLeft UIInterfaceOrientationLandscapeRight";
				LD_RUNPATH_SEARCH_PATHS = (
					"$(inherited)",
					"@executable_path/Frameworks",
				);
				MARKETING_VERSION = 1.0;
				PRODUCT_BUNDLE_IDENTIFIER = com.luanatthomas.MovieDB;
				PRODUCT_NAME = "$(TARGET_NAME)";
				SWIFT_EMIT_LOC_STRINGS = YES;
				SWIFT_VERSION = 5.0;
				TARGETED_DEVICE_FAMILY = "1,2";
			};
			name = Debug;
		};
		DCF490BD29D3751600203232 /* Release */ = {
			isa = XCBuildConfiguration;
			buildSettings = {
				ASSETCATALOG_COMPILER_APPICON_NAME = AppIcon;
				ASSETCATALOG_COMPILER_GLOBAL_ACCENT_COLOR_NAME = AccentColor;
				CODE_SIGN_STYLE = Automatic;
				CURRENT_PROJECT_VERSION = 1;
				DEVELOPMENT_ASSET_PATHS = "\"MovieDB/Preview Content\"";
				DEVELOPMENT_TEAM = ZD8SZ56ZFY;
				ENABLE_PREVIEWS = YES;
				GENERATE_INFOPLIST_FILE = YES;
				INFOPLIST_KEY_UIApplicationSceneManifest_Generation = YES;
				INFOPLIST_KEY_UIApplicationSupportsIndirectInputEvents = YES;
				INFOPLIST_KEY_UILaunchScreen_Generation = YES;
				INFOPLIST_KEY_UISupportedInterfaceOrientations_iPad = "UIInterfaceOrientationPortrait UIInterfaceOrientationPortraitUpsideDown UIInterfaceOrientationLandscapeLeft UIInterfaceOrientationLandscapeRight";
				INFOPLIST_KEY_UISupportedInterfaceOrientations_iPhone = "UIInterfaceOrientationPortrait UIInterfaceOrientationLandscapeLeft UIInterfaceOrientationLandscapeRight";
				LD_RUNPATH_SEARCH_PATHS = (
					"$(inherited)",
					"@executable_path/Frameworks",
				);
				MARKETING_VERSION = 1.0;
				PRODUCT_BUNDLE_IDENTIFIER = com.luanatthomas.MovieDB;
				PRODUCT_NAME = "$(TARGET_NAME)";
				SWIFT_EMIT_LOC_STRINGS = YES;
				SWIFT_VERSION = 5.0;
				TARGETED_DEVICE_FAMILY = "1,2";
			};
			name = Release;
		};
/* End XCBuildConfiguration section */

/* Begin XCConfigurationList section */
		DCF490A829D3751500203232 /* Build configuration list for PBXProject "MovieDB" */ = {
			isa = XCConfigurationList;
			buildConfigurations = (
				DCF490B929D3751600203232 /* Debug */,
				DCF490BA29D3751600203232 /* Release */,
			);
			defaultConfigurationIsVisible = 0;
			defaultConfigurationName = Release;
		};
		DCF490BB29D3751600203232 /* Build configuration list for PBXNativeTarget "MovieDB" */ = {
			isa = XCConfigurationList;
			buildConfigurations = (
				DCF490BC29D3751600203232 /* Debug */,
				DCF490BD29D3751600203232 /* Release */,
			);
			defaultConfigurationIsVisible = 0;
			defaultConfigurationName = Release;
		};
/* End XCConfigurationList section */
	};
	rootObject = DCF490A529D3751500203232 /* Project object */;
}
